# This file is autogenerated, do not edit; changes may be undone by the next 'dep ensure'.


[[projects]]
  branch = "master"
  name = "code.gitea.io/git"
  packages = ["."]
  revision = "3413a6c00a2e83035973370d4249cccc5d3c22d2"

[[projects]]
  name = "github.com/BurntSushi/toml"
  packages = ["."]
  revision = "b26d9c308763d68093482582cea63d69be07a0f0"
  version = "v0.3.0"

[[projects]]
  name = "github.com/Masterminds/semver"
  packages = ["."]
  revision = "15d8430ab86497c5c0da827b748823945e1cf1e1"
  version = "v1.4.0"

[[projects]]
  name = "github.com/Unknwon/com"
  packages = ["."]
  revision = "28b053d5a2923b87ce8c5a08f3af779894a72758"
  version = "v1"

[[projects]]
  name = "github.com/ghodss/yaml"
  packages = ["."]
  revision = "0ca9ea5df5451ffdf184b4428c902747c2c11cd7"
  version = "v1.0.0"

[[projects]]
  name = "github.com/gobwas/glob"
  packages = [
    ".",
    "compiler",
    "match",
    "syntax",
    "syntax/ast",
    "syntax/lexer",
    "util/runes",
    "util/strings"
  ]
  revision = "5ccd90ef52e1e632236f7326478d4faa74f99438"
  version = "v0.2.3"

[[projects]]
  name = "github.com/golang/protobuf"
  packages = [
    "proto",
    "ptypes/any",
    "ptypes/timestamp"
  ]
  revision = "925541529c1fa6821df4e44ce2723319eb2be768"
  version = "v1.0.0"

[[projects]]
  branch = "master"
  name = "github.com/mcuadros/go-version"
  packages = ["."]
  revision = "88e56e02bea1c203c99222c365fa52a69996ccac"

[[projects]]
  name = "github.com/urfave/cli"
  packages = ["."]
  revision = "cfb38830724cc34fedffe9a2a29fb54fa9169cd1"
  version = "v1.20.0"

[[projects]]
  branch = "v2"
  name = "gopkg.in/yaml.v2"
  packages = ["."]
  revision = "d670f9405373e636a5a2765eea47fac0c9bc91a4"

[[projects]]
  branch = "master"
  name = "k8s.io/apimachinery"
  packages = ["pkg/version"]
  revision = "cced8e64b6ca92a8b6afcbfea3353ca016694a45"

[[projects]]
  name = "k8s.io/helm"
  packages = [
    "pkg/chartutil",
    "pkg/ignore",
    "pkg/proto/hapi/chart",
    "pkg/proto/hapi/version",
    "pkg/sympath",
    "pkg/version"
  ]
  revision = "6af75a8fd72e2aa18a2b278cfe5c7a1c5feca7f2"
  version = "v2.8.1"

[solve-meta]
  analyzer-name = "dep"
  analyzer-version = 1
  inputs-digest = "93245600c5a3f6b8b165ebfd774df0574ef78b63f04bf3a18f5febc52684fed4"
  solver-name = "gps-cdcl"
  solver-version = 1
